<?xml version="1.0" encoding="utf-8"?>
<Project ToolsVersion="4.0" xmlns="http://schemas.microsoft.com/developer/msbuild/2003">
  <ItemGroup>
    <Filter Include="소스 파일">
      <UniqueIdentifier>{4FC737F1-C7A5-4376-A066-2A32D752A2FF}</UniqueIdentifier>
      <Extensions>cpp;c;cc;cxx;c++;cppm;ixx;def;odl;idl;hpj;bat;asm;asmx</Extensions>
    </Filter>
    <Filter Include="헤더 파일">
      <UniqueIdentifier>{93995380-89BD-4b04-88EB-625FBE52EBFB}</UniqueIdentifier>
      <Extensions>h;hh;hpp;hxx;h++;hm;inl;inc;ipp;xsd</Extensions>
    </Filter>
    <Filter Include="리소스 파일">
      <UniqueIdentifier>{67DA6AB6-F800-4c08-8B7A-83BB121AAD01}</UniqueIdentifier>
      <Extensions>rc;ico;cur;bmp;dlg;rc2;rct;bin;rgs;gif;jpg;jpeg;jpe;resx;tiff;tif;png;wav;mfcribbon-ms</Extensions>
    </Filter>
    <Filter Include="헤더 파일\core">
      <UniqueIdentifier>{32dac4a8-315a-4631-8c33-3945fbac9fb1}</UniqueIdentifier>
    </Filter>
    <Filter Include="헤더 파일\core\actions">
      <UniqueIdentifier>{26140093-03be-4b10-8d98-24ae386ec09a}</UniqueIdentifier>
    </Filter>
    <Filter Include="헤더 파일\api">
      <UniqueIdentifier>{5092a0f3-ed0a-4a45-ae9b-5472c98d1451}</UniqueIdentifier>
    </Filter>
    <Filter Include="헤더 파일\api\controllers">
      <UniqueIdentifier>{eb9e4698-e1fa-44ec-a6e3-2bb0aa79b158}</UniqueIdentifier>
    </Filter>
    <Filter Include="헤더 파일\infrastructure">
      <UniqueIdentifier>{4b221069-b0b1-4b7c-92fe-01422497fd67}</UniqueIdentifier>
    </Filter>
    <Filter Include="헤더 파일\core\actions\commands">
      <UniqueIdentifier>{e55a22da-ccac-4b3e-8f11-75f3b1ed60da}</UniqueIdentifier>
    </Filter>
    <Filter Include="소스 파일\actions">
      <UniqueIdentifier>{0b5e94c7-2f8b-45e9-8105-2e889201dd05}</UniqueIdentifier>
    </Filter>
    <Filter Include="소스 파일\actions\commands">
      <UniqueIdentifier>{12f7186c-afb3-4697-a52c-b35c59650c2f}</UniqueIdentifier>
    </Filter>
    <Filter Include="헤더 파일\api\web-server">
      <UniqueIdentifier>{2f7cc2c7-8e61-499f-bd02-7914e267e0df}</UniqueIdentifier>
    </Filter>
    <Filter Include="헤더 파일\domain">
      <UniqueIdentifier>{5afe9be6-6eeb-40de-afe1-e468a43b08d3}</UniqueIdentifier>
    </Filter>
    <Filter Include="헤더 파일\domain\models">
      <UniqueIdentifier>{e29e1bb0-c46c-4ea7-bfa4-fb0829b14bd1}</UniqueIdentifier>
    </Filter>
    <Filter Include="헤더 파일\domain\view-models">
      <UniqueIdentifier>{f70b0c3d-8e94-4d23-bed0-023acdcc1280}</UniqueIdentifier>
    </Filter>
    <Filter Include="헤더 파일\core\actions\queries">
      <UniqueIdentifier>{70161cfa-add4-41ca-96d9-c07072048b34}</UniqueIdentifier>
    </Filter>
    <Filter Include="소스 파일\infrastructure">
      <UniqueIdentifier>{896282d6-1c50-4bbe-8f9e-8c0d4df79498}</UniqueIdentifier>
    </Filter>
    <Filter Include="소스 파일\actions\queries">
      <UniqueIdentifier>{41b9b205-f298-400c-a00a-cd229470ce84}</UniqueIdentifier>
    </Filter>
  </ItemGroup>
  <ItemGroup>
    <ClCompile Include="main.cpp">
      <Filter>소스 파일</Filter>
    </ClCompile>
    <ClCompile Include="count-command.cpp">
      <Filter>소스 파일\actions\commands</Filter>
    </ClCompile>
    <ClCompile Include="check-token-query.cpp">
      <Filter>소스 파일\actions\queries</Filter>
    </ClCompile>
    <ClCompile Include="credentials-service.cpp">
      <Filter>소스 파일\infrastructure</Filter>
    </ClCompile>
    <ClCompile Include="encryption-service.cpp">
      <Filter>소스 파일\infrastructure</Filter>
    </ClCompile>
    <ClCompile Include="db-context.cpp">
      <Filter>소스 파일\infrastructure</Filter>
    </ClCompile>
  </ItemGroup>
  <ItemGroup>
    <None Include=".clang-format" />
  </ItemGroup>
  <ItemGroup>
    <ClInclude Include="action.h">
      <Filter>헤더 파일\core\actions</Filter>
    </ClInclude>
    <ClInclude Include="db-context.h">
      <Filter>헤더 파일\infrastructure</Filter>
    </ClInclude>
    <ClInclude Include="count-command.h">
      <Filter>헤더 파일\core\actions\commands</Filter>
    </ClInclude>
    <ClInclude Include="action-manager.h">
      <Filter>헤더 파일\core\actions</Filter>
    </ClInclude>
    <ClInclude Include="dependency-injection.h">
      <Filter>헤더 파일\infrastructure</Filter>
    </ClInclude>
    <ClInclude Include="check-token-query.h">
      <Filter>헤더 파일\core\actions\queries</Filter>
    </ClInclude>
    <ClInclude Include="encryption-service.h">
      <Filter>헤더 파일\infrastructure</Filter>
    </ClInclude>
    <ClInclude Include="credentials-service.h">
      <Filter>헤더 파일\infrastructure</Filter>
    </ClInclude>
  </ItemGroup>
</Project>